
Microsoft Visual Studio Solution File, Format Version 12.00
# Visual Studio Version 17
VisualStudioVersion = 17.11.35222.181
MinimumVisualStudioVersion = 10.0.40219.1
Project("{FAE04EC0-301F-11D3-BF4B-00C04F79EFBC}") = "connexion", "connexion\connexion.csproj", "{BAF4B6C2-4540-4340-BDB3-F052935B7AEC}"
EndProject
Global
	GlobalSection(SolutionConfigurationPlatforms) = preSolution
		Debug|Any CPU = Debug|Any CPU
		Release|Any CPU = Release|Any CPU
	EndGlobalSection
	GlobalSection(ProjectConfigurationPlatforms) = postSolution
		{BAF4B6C2-4540-4340-BDB3-F052935B7AEC}.Debug|Any CPU.ActiveCfg = Debug|Any CPU
		{BAF4B6C2-4540-4340-BDB3-F052935B7AEC}.Debug|Any CPU.Build.0 = Debug|Any CPU
		{BAF4B6C2-4540-4340-BDB3-F052935B7AEC}.Release|Any CPU.ActiveCfg = Release|Any CPU
		{BAF4B6C2-4540-4340-BDB3-F052935B7AEC}.Release|Any CPU.Build.0 = Release|Any CPU
	EndGlobalSection
	GlobalSection(SolutionProperties) = preSolution
		HideSolutionNode = FALSE
	EndGlobalSection
	GlobalSection(ExtensibilityGlobals) = postSolution
		SolutionGuid = {7DB83D33-B1FC-41F8-B213-6C1192C1790C}
	EndGlobalSection
EndGlobal
